
Microsoft Visual Studio Solution File, Format Version 12.00
# Visual Studio Version 17
VisualStudioVersion = 17.7.34031.279
MinimumVisualStudioVersion = 10.0.40219.1
Project("{8BC9CEB8-8B4A-11D0-8D11-00A0C91BC942}") = "Lesson36Project", "Lesson36Project\Lesson36Project.vcxproj", "{E679F01C-B1DF-4327-B7C2-60D90935C5A7}"
EndProject
Project("{8BC9CEB8-8B4A-11D0-8D11-00A0C91BC942}") = "Project01", "Project01\Project01.vcxproj", "{2ECA86D8-4162-4A60-B400-D69DF61006D5}"
EndProject
Global
	GlobalSection(SolutionConfigurationPlatforms) = preSolution
		Debug|x64 = Debug|x64
		Debug|x86 = Debug|x86
		Release|x64 = Release|x64
		Release|x86 = Release|x86
	EndGlobalSection
	GlobalSection(ProjectConfigurationPlatforms) = postSolution
		{E679F01C-B1DF-4327-B7C2-60D90935C5A7}.Debug|x64.ActiveCfg = Debug|x64
		{E679F01C-B1DF-4327-B7C2-60D90935C5A7}.Debug|x64.Build.0 = Debug|x64
		{E679F01C-B1DF-4327-B7C2-60D90935C5A7}.Debug|x86.ActiveCfg = Debug|Win32
		{E679F01C-B1DF-4327-B7C2-60D90935C5A7}.Debug|x86.Build.0 = Debug|Win32
		{E679F01C-B1DF-4327-B7C2-60D90935C5A7}.Release|x64.ActiveCfg = Release|x64
		{E679F01C-B1DF-4327-B7C2-60D90935C5A7}.Release|x64.Build.0 = Release|x64
		{E679F01C-B1DF-4327-B7C2-60D90935C5A7}.Release|x86.ActiveCfg = Release|Win32
		{E679F01C-B1DF-4327-B7C2-60D90935C5A7}.Release|x86.Build.0 = Release|Win32
		{2ECA86D8-4162-4A60-B400-D69DF61006D5}.Debug|x64.ActiveCfg = Debug|x64
		{2ECA86D8-4162-4A60-B400-D69DF61006D5}.Debug|x64.Build.0 = Debug|x64
		{2ECA86D8-4162-4A60-B400-D69DF61006D5}.Debug|x86.ActiveCfg = Debug|Win32
		{2ECA86D8-4162-4A60-B400-D69DF61006D5}.Debug|x86.Build.0 = Debug|Win32
		{2ECA86D8-4162-4A60-B400-D69DF61006D5}.Release|x64.ActiveCfg = Release|x64
		{2ECA86D8-4162-4A60-B400-D69DF61006D5}.Release|x64.Build.0 = Release|x64
		{2ECA86D8-4162-4A60-B400-D69DF61006D5}.Release|x86.ActiveCfg = Release|Win32
		{2ECA86D8-4162-4A60-B400-D69DF61006D5}.Release|x86.Build.0 = Release|Win32
	EndGlobalSection
	GlobalSection(SolutionProperties) = preSolution
		HideSolutionNode = FALSE
	EndGlobalSection
	GlobalSection(ExtensibilityGlobals) = postSolution
		SolutionGuid = {1513B4A0-ACB3-4992-A041-762A518334D7}
	EndGlobalSection
EndGlobal
